[[package]]
name = "black"
version = "21.9b0"
description = "The uncompromising code formatter."
category = "dev"
optional = false
python-versions = ">=3.6.2"

[package.dependencies]
click = ">=7.1.2"
mypy-extensions = ">=0.4.3"
pathspec = ">=0.9.0,<1"
platformdirs = ">=2"
regex = ">=2020.1.8"
tomli = ">=0.2.6,<2.0.0"
typing-extensions = [
    {version = ">=3.10.0.0", markers = "python_version < \"3.10\""},
    {version = "!=3.10.0.1", markers = "python_version >= \"3.10\""},
]

[package.extras]
colorama = ["colorama (>=0.4.3)"]
d = ["aiohttp (>=3.6.0)", "aiohttp-cors (>=0.4.0)"]
jupyter = ["ipython (>=7.8.0)", "tokenize-rt (>=3.2.0)"]
python2 = ["typed-ast (>=1.4.2)"]
uvloop = ["uvloop (>=0.15.2)"]

[[package]]
name = "cachetools"
version = "4.2.4"
description = "Extensible memoizing collections and decorators"
category = "main"
optional = false
python-versions = "~=3.5"

[[package]]
name = "certifi"
version = "2021.10.8"
description = "Python package for providing Mozilla's CA Bundle."
category = "main"
optional = false
python-versions = "*"

[[package]]
name = "charset-normalizer"
version = "2.0.7"
description = "The Real First Universal Charset Detector. Open, modern and actively maintained alternative to Chardet."
category = "main"
optional = false
python-versions = ">=3.5.0"

[package.extras]
unicode_backport = ["unicodedata2"]

[[package]]
name = "click"
version = "8.0.3"
description = "Composable command line interface toolkit"
category = "dev"
optional = false
python-versions = ">=3.6"

[package.dependencies]
colorama = {version = "*", markers = "platform_system == \"Windows\""}

[[package]]
name = "colorama"
version = "0.4.4"
description = "Cross-platform colored terminal text."
category = "dev"
optional = false
python-versions = ">=2.7, !=3.0.*, !=3.1.*, !=3.2.*, !=3.3.*, !=3.4.*"

[[package]]
name = "google-api-core"
version = "2.1.1"
description = "Google API client core library"
category = "main"
optional = false
python-versions = ">=3.6"

[package.dependencies]
google-auth = ">=1.25.0,<3.0dev"
googleapis-common-protos = ">=1.6.0,<2.0dev"
protobuf = ">=3.12.0"
requests = ">=2.18.0,<3.0.0dev"

[package.extras]
grpc = ["grpcio (>=1.33.2,<2.0dev)"]
grpcgcp = ["grpcio-gcp (>=0.2.2)"]
grpcio-gcp = ["grpcio-gcp (>=0.2.2)"]

[[package]]
name = "google-api-python-client"
version = "2.27.0"
description = "Google API Client Library for Python"
category = "main"
optional = false
python-versions = ">=3.6"

[package.dependencies]
google-api-core = ">=1.21.0,<3.0.0dev"
google-auth = ">=1.16.0,<3.0.0dev"
google-auth-httplib2 = ">=0.1.0"
httplib2 = ">=0.15.0,<1dev"
uritemplate = ">=3.0.0,<5"

[[package]]
name = "google-auth"
version = "2.3.0"
description = "Google Authentication Library"
category = "main"
optional = false
python-versions = ">= 3.6"

[package.dependencies]
cachetools = ">=2.0.0,<5.0"
pyasn1-modules = ">=0.2.1"
rsa = ">=3.1.4,<5"

[package.extras]
aiohttp = ["aiohttp (>=3.6.2,<4.0.0dev)", "requests (>=2.20.0,<3.0.0dev)"]
pyopenssl = ["pyopenssl (>=20.0.0)"]
reauth = ["pyu2f (>=0.1.5)"]

[[package]]
name = "google-auth-httplib2"
version = "0.1.0"
description = "Google Authentication Library: httplib2 transport"
category = "main"
optional = false
python-versions = "*"

[package.dependencies]
google-auth = "*"
httplib2 = ">=0.15.0"
six = "*"

[[package]]
name = "googleapis-common-protos"
version = "1.53.0"
description = "Common protobufs used in Google APIs"
category = "main"
optional = false
python-versions = ">=3.6"

[package.dependencies]
protobuf = ">=3.12.0"

[package.extras]
grpc = ["grpcio (>=1.0.0)"]

[[package]]
name = "httplib2"
version = "0.20.1"
description = "A comprehensive HTTP client library."
category = "main"
optional = false
python-versions = ">=2.7, !=3.0.*, !=3.1.*, !=3.2.*, !=3.3.*"

[package.dependencies]
pyparsing = ">=2.4.2,<3"

[[package]]
name = "idna"
version = "3.3"
description = "Internationalized Domain Names in Applications (IDNA)"
category = "main"
optional = false
python-versions = ">=3.5"

[[package]]
name = "mypy-extensions"
version = "0.4.3"
description = "Experimental type system extensions for programs checked with the mypy typechecker."
category = "dev"
optional = false
python-versions = "*"

[[package]]
name = "pathspec"
version = "0.9.0"
description = "Utility library for gitignore style pattern matching of file paths."
category = "dev"
optional = false
python-versions = "!=3.0.*,!=3.1.*,!=3.2.*,!=3.3.*,!=3.4.*,>=2.7"

[[package]]
name = "platformdirs"
version = "2.4.0"
description = "A small Python module for determining appropriate platform-specific dirs, e.g. a \"user data dir\"."
category = "dev"
optional = false
python-versions = ">=3.6"

[package.extras]
docs = ["Sphinx (>=4)", "furo (>=2021.7.5b38)", "proselint (>=0.10.2)", "sphinx-autodoc-typehints (>=1.12)"]
test = ["appdirs (==1.4.4)", "pytest (>=6)", "pytest-cov (>=2.7)", "pytest-mock (>=3.6)"]

[[package]]
name = "protobuf"
version = "3.19.0"
description = "Protocol Buffers"
category = "main"
optional = false
python-versions = ">=3.5"

[[package]]
name = "pyasn1"
version = "0.4.8"
description = "ASN.1 types and codecs"
category = "main"
optional = false
python-versions = "*"

[[package]]
name = "pyasn1-modules"
version = "0.2.8"
description = "A collection of ASN.1-based protocols modules."
category = "main"
optional = false
python-versions = "*"

[package.dependencies]
pyasn1 = ">=0.4.6,<0.5.0"

[[package]]
name = "pyparsing"
version = "2.4.7"
description = "Python parsing module"
category = "main"
optional = false
python-versions = ">=2.6, !=3.0.*, !=3.1.*, !=3.2.*"

[[package]]
name = "regex"
version = "2021.10.21"
description = "Alternative regular expression module, to replace re."
category = "dev"
optional = false
python-versions = "*"

[[package]]
name = "requests"
version = "2.26.0"
description = "Python HTTP for Humans."
category = "main"
optional = false
python-versions = ">=2.7, !=3.0.*, !=3.1.*, !=3.2.*, !=3.3.*, !=3.4.*, !=3.5.*"

[package.dependencies]
certifi = ">=2017.4.17"
charset-normalizer = {version = ">=2.0.0,<2.1.0", markers = "python_version >= \"3\""}
idna = {version = ">=2.5,<4", markers = "python_version >= \"3\""}
urllib3 = ">=1.21.1,<1.27"

[package.extras]
socks = ["PySocks (>=1.5.6,!=1.5.7)", "win-inet-pton"]
use_chardet_on_py3 = ["chardet (>=3.0.2,<5)"]

[[package]]
name = "rsa"
version = "4.7.2"
description = "Pure-Python RSA implementation"
category = "main"
optional = false
python-versions = ">=3.5, <4"

[package.dependencies]
pyasn1 = ">=0.1.3"

[[package]]
name = "six"
version = "1.16.0"
description = "Python 2 and 3 compatibility utilities"
category = "main"
optional = false
python-versions = ">=2.7, !=3.0.*, !=3.1.*, !=3.2.*"

[[package]]
name = "tomli"
version = "1.2.1"
description = "A lil' TOML parser"
category = "dev"
optional = false
python-versions = ">=3.6"

[[package]]
name = "typing-extensions"
version = "3.10.0.2"
description = "Backported and Experimental Type Hints for Python 3.5+"
category = "dev"
optional = false
python-versions = "*"

[[package]]
name = "uritemplate"
version = "4.1.1"
description = "Implementation of RFC 6570 URI Templates"
category = "main"
optional = false
python-versions = ">=3.6"

[[package]]
name = "urllib3"
version = "1.26.7"
description = "HTTP library with thread-safe connection pooling, file post, and more."
category = "main"
optional = false
python-versions = ">=2.7, !=3.0.*, !=3.1.*, !=3.2.*, !=3.3.*, !=3.4.*, <4"

[package.extras]
brotli = ["brotlipy (>=0.6.0)"]
secure = ["pyOpenSSL (>=0.14)", "cryptography (>=1.3.4)", "idna (>=2.0.0)", "certifi", "ipaddress"]
socks = ["PySocks (>=1.5.6,!=1.5.7,<2.0)"]

[metadata]
lock-version = "1.1"
python-versions = "^3.9"
content-hash = "7f61c271e3d16d578efc16f5524b48f10302f1494aaaca72f69c4c9308c83756"

[metadata.files]
black = [
    {file = "black-21.9b0-py3-none-any.whl", hash = "sha256:380f1b5da05e5a1429225676655dddb96f5ae8c75bdf91e53d798871b902a115"},
    {file = "black-21.9b0.tar.gz", hash = "sha256:7de4cfc7eb6b710de325712d40125689101d21d25283eed7e9998722cf10eb91"},
]
cachetools = [
    {file = "cachetools-4.2.4-py3-none-any.whl", hash = "sha256:92971d3cb7d2a97efff7c7bb1657f21a8f5fb309a37530537c71b1774189f2d1"},
    {file = "cachetools-4.2.4.tar.gz", hash = "sha256:89ea6f1b638d5a73a4f9226be57ac5e4f399d22770b92355f92dcb0f7f001693"},
]
certifi = [
    {file = "certifi-2021.10.8-py2.py3-none-any.whl", hash = "sha256:d62a0163eb4c2344ac042ab2bdf75399a71a2d8c7d47eac2e2ee91b9d6339569"},
    {file = "certifi-2021.10.8.tar.gz", hash = "sha256:78884e7c1d4b00ce3cea67b44566851c4343c120abd683433ce934a68ea58872"},
]
charset-normalizer = [
    {file = "charset-normalizer-2.0.7.tar.gz", hash = "sha256:e019de665e2bcf9c2b64e2e5aa025fa991da8720daa3c1138cadd2fd1856aed0"},
    {file = "charset_normalizer-2.0.7-py3-none-any.whl", hash = "sha256:f7af805c321bfa1ce6714c51f254e0d5bb5e5834039bc17db7ebe3a4cec9492b"},
]
click = [
    {file = "click-8.0.3-py3-none-any.whl", hash = "sha256:353f466495adaeb40b6b5f592f9f91cb22372351c84caeb068132442a4518ef3"},
    {file = "click-8.0.3.tar.gz", hash = "sha256:410e932b050f5eed773c4cda94de75971c89cdb3155a72a0831139a79e5ecb5b"},
]
colorama = [
    {file = "colorama-0.4.4-py2.py3-none-any.whl", hash = "sha256:9f47eda37229f68eee03b24b9748937c7dc3868f906e8ba69fbcbdd3bc5dc3e2"},
    {file = "colorama-0.4.4.tar.gz", hash = "sha256:5941b2b48a20143d2267e95b1c2a7603ce057ee39fd88e7329b0c292aa16869b"},
]
google-api-core = [
    {file = "google-api-core-2.1.1.tar.gz", hash = "sha256:646d9399c3c478fe475cfe523e84572ab31a340814ea977fb2774eca5a6549a2"},
    {file = "google_api_core-2.1.1-py2.py3-none-any.whl", hash = "sha256:39ae7ca2208090c2942ebe1b38ca2928441a14b795c725717d38d7e30adb5fbf"},
]
google-api-python-client = [
    {file = "google-api-python-client-2.27.0.tar.gz", hash = "sha256:659e9955f0f1e02fcce5dec85622eb5af1807572ef0f09c49d68d8426da670e7"},
    {file = "google_api_python_client-2.27.0-py2.py3-none-any.whl", hash = "sha256:0b1bd4fe6cbe3c22e4ed264cadf257bc981ebc745e959bdf8fd9ae7c3fffb984"},
]
google-auth = [
    {file = "google-auth-2.3.0.tar.gz", hash = "sha256:2800f6dfad29c6ced5faf9ca0c38ea8ba1ebe2559b10c029bd021e3de3301627"},
    {file = "google_auth-2.3.0-py2.py3-none-any.whl", hash = "sha256:91892727c09cf5d090c391936a8e67ef5b9a9794c2f426b3d0ceedddbcc0ef50"},
]
google-auth-httplib2 = [
    {file = "google-auth-httplib2-0.1.0.tar.gz", hash = "sha256:a07c39fd632becacd3f07718dfd6021bf396978f03ad3ce4321d060015cc30ac"},
    {file = "google_auth_httplib2-0.1.0-py2.py3-none-any.whl", hash = "sha256:31e49c36c6b5643b57e82617cb3e021e3e1d2df9da63af67252c02fa9c1f4a10"},
]
googleapis-common-protos = [
    {file = "googleapis-common-protos-1.53.0.tar.gz", hash = "sha256:a88ee8903aa0a81f6c3cec2d5cf62d3c8aa67c06439b0496b49048fb1854ebf4"},
    {file = "googleapis_common_protos-1.53.0-py2.py3-none-any.whl", hash = "sha256:f6d561ab8fb16b30020b940e2dd01cd80082f4762fa9f3ee670f4419b4b8dbd0"},
]
httplib2 = [
    {file = "httplib2-0.20.1-py3-none-any.whl", hash = "sha256:8fa4dbf2fbf839b71f8c7837a831e00fcdc860feca99b8bda58ceae4bc53d185"},
    {file = "httplib2-0.20.1.tar.gz", hash = "sha256:0efbcb8bfbfbc11578130d87d8afcc65c2274c6eb446e59fc674e4d7c972d327"},
]
idna = [
    {file = "idna-3.3-py3-none-any.whl", hash = "sha256:84d9dd047ffa80596e0f246e2eab0b391788b0503584e8945f2368256d2735ff"},
    {file = "idna-3.3.tar.gz", hash = "sha256:9d643ff0a55b762d5cdb124b8eaa99c66322e2157b69160bc32796e824360e6d"},
]
mypy-extensions = [
    {file = "mypy_extensions-0.4.3-py2.py3-none-any.whl", hash = "sha256:090fedd75945a69ae91ce1303b5824f428daf5a028d2f6ab8a299250a846f15d"},
    {file = "mypy_extensions-0.4.3.tar.gz", hash = "sha256:2d82818f5bb3e369420cb3c4060a7970edba416647068eb4c5343488a6c604a8"},
]
pathspec = [
    {file = "pathspec-0.9.0-py2.py3-none-any.whl", hash = "sha256:7d15c4ddb0b5c802d161efc417ec1a2558ea2653c2e8ad9c19098201dc1c993a"},
    {file = "pathspec-0.9.0.tar.gz", hash = "sha256:e564499435a2673d586f6b2130bb5b95f04a3ba06f81b8f895b651a3c76aabb1"},
]
platformdirs = [
    {file = "platformdirs-2.4.0-py3-none-any.whl", hash = "sha256:8868bbe3c3c80d42f20156f22e7131d2fb321f5bc86a2a345375c6481a67021d"},
    {file = "platformdirs-2.4.0.tar.gz", hash = "sha256:367a5e80b3d04d2428ffa76d33f124cf11e8fff2acdaa9b43d545f5c7d661ef2"},
]
protobuf = [
    {file = "protobuf-3.19.0-cp310-cp310-macosx_10_9_universal2.whl", hash = "sha256:01a0645ef3acddfbc90237e1cdfae1086130fc7cb480b5874656193afd657083"},
    {file = "protobuf-3.19.0-cp310-cp310-manylinux2014_aarch64.whl", hash = "sha256:d3861c9721a90ba83ee0936a9cfcc4fa1c4b4144ac9658fb6f6343b38558e9b4"},
    {file = "protobuf-3.19.0-cp310-cp310-manylinux_2_17_x86_64.manylinux2014_x86_64.whl", hash = "sha256:b64be5d7270cf5e76375bac049846e8a9543a2d4368b69afe78ab725380a7487"},
    {file = "protobuf-3.19.0-cp36-cp36m-macosx_10_9_x86_64.whl", hash = "sha256:2f6046b9e2feee0dce994493186e8715b4392ed5f50f356280ad9c2f9f93080a"},
    {file = "protobuf-3.19.0-cp36-cp36m-manylinux_2_17_x86_64.manylinux2014_x86_64.whl", hash = "sha256:ac2f8ec942d414609aba0331952ae12bb823e8f424bbb6b8c422f1cef32dc842"},
    {file = "protobuf-3.19.0-cp36-cp36m-win32.whl", hash = "sha256:3fea09aa04ef2f8b01fcc9bb87f19509934f8a35d177c865b8f9ee5c32b60c1b"},
    {file = "protobuf-3.19.0-cp36-cp36m-win_amd64.whl", hash = "sha256:d1f4277d321f60456845ca9b882c4845736f1f5c1c69eb778eba22a97977d8af"},
    {file = "protobuf-3.19.0-cp37-cp37m-macosx_10_9_x86_64.whl", hash = "sha256:8488c2276f14f294e890cc1260ab342a13e90cd20dcc03319d2eea258f1fd321"},
    {file = "protobuf-3.19.0-cp37-cp37m-manylinux2014_aarch64.whl", hash = "sha256:36bf292f44966c67080e535321501717f4f1eba30faef8f2cd4b0c745a027211"},
    {file = "protobuf-3.19.0-cp37-cp37m-manylinux_2_17_x86_64.manylinux2014_x86_64.whl", hash = "sha256:c99af73ae34c93e0e2ace57ea2e70243f34fc015c8c23fd39ee93652e726f7e7"},
    {file = "protobuf-3.19.0-cp37-cp37m-win32.whl", hash = "sha256:f7a031cf8e2fc14acc0ba694f6dff0a01e06b70d817eba6edc72ee6cc20517ac"},
    {file = "protobuf-3.19.0-cp37-cp37m-win_amd64.whl", hash = "sha256:d4ca5f0c7bc8d2e6966ca3bbd85e9ebe7191b6e21f067896d4af6b28ecff29fe"},
    {file = "protobuf-3.19.0-cp38-cp38-macosx_10_9_x86_64.whl", hash = "sha256:9a8a880593015ef2c83f7af797fa4fbf583b2c98b4bd94e46c5b61fee319d84b"},
    {file = "protobuf-3.19.0-cp38-cp38-manylinux2014_aarch64.whl", hash = "sha256:6f16925f5c977dd7787973a50c242e60c22b1d1182aba6bec7bd02862579c10f"},
    {file = "protobuf-3.19.0-cp38-cp38-manylinux_2_17_x86_64.manylinux2014_x86_64.whl", hash = "sha256:f9097327d277b0aa4a3224e61cd6850aef3269172397715299bcffc9f90293c9"},
    {file = "protobuf-3.19.0-cp38-cp38-win32.whl", hash = "sha256:708d04394a63ee9bdc797938b6e15ed5bf24a1cb37743eb3886fd74a5a67a234"},
    {file = "protobuf-3.19.0-cp38-cp38-win_amd64.whl", hash = "sha256:ee4d07d596357f51316b6ecf1cc1927660e9d5e418385bb1c51fd2496cd9bee7"},
    {file = "protobuf-3.19.0-cp39-cp39-macosx_10_9_x86_64.whl", hash = "sha256:34a77b8fafdeb8f89fee2b7108ae60d8958d72e33478680cc1e05517892ecc46"},
    {file = "protobuf-3.19.0-cp39-cp39-manylinux2014_aarch64.whl", hash = "sha256:4f93e0f6af796ddd1502225ff8ea25340ced186ca05b601c44d5c88b45ba80a0"},
    {file = "protobuf-3.19.0-cp39-cp39-manylinux_2_17_x86_64.manylinux2014_x86_64.whl", hash = "sha256:942dd6bc8bd2a3c6a156d8ab0f80bd45313f22b78e1176283270054dcc8ca4c2"},
    {file = "protobuf-3.19.0-cp39-cp39-win32.whl", hash = "sha256:7b3867795708ac88fde8d6f34f0d9a50af56087e41f624bdb2e9ff808ea5dda7"},
    {file = "protobuf-3.19.0-cp39-cp39-win_amd64.whl", hash = "sha256:a74432e9d28a6072a2359a0f49f81eb14dd718e7dbbfb6c0789b456c49e1f130"},
    {file = "protobuf-3.19.0-py2.py3-none-any.whl", hash = "sha256:c96e94d3e523a82caa3e5f74b35dd1c4884199358d01c950d95c341255ff48bc"},
    {file = "protobuf-3.19.0.tar.gz", hash = "sha256:6a1dc6584d24ef86f5b104bcad64fa0fe06ed36e5687f426e0445d363a041d18"},
]
pyasn1 = [
    {file = "pyasn1-0.4.8-py2.4.egg", hash = "sha256:fec3e9d8e36808a28efb59b489e4528c10ad0f480e57dcc32b4de5c9d8c9fdf3"},
    {file = "pyasn1-0.4.8-py2.5.egg", hash = "sha256:0458773cfe65b153891ac249bcf1b5f8f320b7c2ce462151f8fa74de8934becf"},
    {file = "pyasn1-0.4.8-py2.6.egg", hash = "sha256:5c9414dcfede6e441f7e8f81b43b34e834731003427e5b09e4e00e3172a10f00"},
    {file = "pyasn1-0.4.8-py2.7.egg", hash = "sha256:6e7545f1a61025a4e58bb336952c5061697da694db1cae97b116e9c46abcf7c8"},
    {file = "pyasn1-0.4.8-py2.py3-none-any.whl", hash = "sha256:39c7e2ec30515947ff4e87fb6f456dfc6e84857d34be479c9d4a4ba4bf46aa5d"},
    {file = "pyasn1-0.4.8-py3.1.egg", hash = "sha256:78fa6da68ed2727915c4767bb386ab32cdba863caa7dbe473eaae45f9959da86"},
    {file = "pyasn1-0.4.8-py3.2.egg", hash = "sha256:08c3c53b75eaa48d71cf8c710312316392ed40899cb34710d092e96745a358b7"},
    {file = "pyasn1-0.4.8-py3.3.egg", hash = "sha256:03840c999ba71680a131cfaee6fab142e1ed9bbd9c693e285cc6aca0d555e576"},
    {file = "pyasn1-0.4.8-py3.4.egg", hash = "sha256:7ab8a544af125fb704feadb008c99a88805126fb525280b2270bb25cc1d78a12"},
    {file = "pyasn1-0.4.8-py3.5.egg", hash = "sha256:e89bf84b5437b532b0803ba5c9a5e054d21fec423a89952a74f87fa2c9b7bce2"},
    {file = "pyasn1-0.4.8-py3.6.egg", hash = "sha256:014c0e9976956a08139dc0712ae195324a75e142284d5f87f1a87ee1b068a359"},
    {file = "pyasn1-0.4.8-py3.7.egg", hash = "sha256:99fcc3c8d804d1bc6d9a099921e39d827026409a58f2a720dcdb89374ea0c776"},
    {file = "pyasn1-0.4.8.tar.gz", hash = "sha256:aef77c9fb94a3ac588e87841208bdec464471d9871bd5050a287cc9a475cd0ba"},
]
pyasn1-modules = [
    {file = "pyasn1-modules-0.2.8.tar.gz", hash = "sha256:905f84c712230b2c592c19470d3ca8d552de726050d1d1716282a1f6146be65e"},
    {file = "pyasn1_modules-0.2.8-py2.4.egg", hash = "sha256:0fe1b68d1e486a1ed5473f1302bd991c1611d319bba158e98b106ff86e1d7199"},
    {file = "pyasn1_modules-0.2.8-py2.5.egg", hash = "sha256:fe0644d9ab041506b62782e92b06b8c68cca799e1a9636ec398675459e031405"},
    {file = "pyasn1_modules-0.2.8-py2.6.egg", hash = "sha256:a99324196732f53093a84c4369c996713eb8c89d360a496b599fb1a9c47fc3eb"},
    {file = "pyasn1_modules-0.2.8-py2.7.egg", hash = "sha256:0845a5582f6a02bb3e1bde9ecfc4bfcae6ec3210dd270522fee602365430c3f8"},
    {file = "pyasn1_modules-0.2.8-py2.py3-none-any.whl", hash = "sha256:a50b808ffeb97cb3601dd25981f6b016cbb3d31fbf57a8b8a87428e6158d0c74"},
    {file = "pyasn1_modules-0.2.8-py3.1.egg", hash = "sha256:f39edd8c4ecaa4556e989147ebf219227e2cd2e8a43c7e7fcb1f1c18c5fd6a3d"},
    {file = "pyasn1_modules-0.2.8-py3.2.egg", hash = "sha256:b80486a6c77252ea3a3e9b1e360bc9cf28eaac41263d173c032581ad2f20fe45"},
    {file = "pyasn1_modules-0.2.8-py3.3.egg", hash = "sha256:65cebbaffc913f4fe9e4808735c95ea22d7a7775646ab690518c056784bc21b4"},
    {file = "pyasn1_modules-0.2.8-py3.4.egg", hash = "sha256:15b7c67fabc7fc240d87fb9aabf999cf82311a6d6fb2c70d00d3d0604878c811"},
    {file = "pyasn1_modules-0.2.8-py3.5.egg", hash = "sha256:426edb7a5e8879f1ec54a1864f16b882c2837bfd06eee62f2c982315ee2473ed"},
    {file = "pyasn1_modules-0.2.8-py3.6.egg", hash = "sha256:cbac4bc38d117f2a49aeedec4407d23e8866ea4ac27ff2cf7fb3e5b570df19e0"},
    {file = "pyasn1_modules-0.2.8-py3.7.egg", hash = "sha256:c29a5e5cc7a3f05926aff34e097e84f8589cd790ce0ed41b67aed6857b26aafd"},
]
pyparsing = [
    {file = "pyparsing-2.4.7-py2.py3-none-any.whl", hash = "sha256:ef9d7589ef3c200abe66653d3f1ab1033c3c419ae9b9bdb1240a85b024efc88b"},
    {file = "pyparsing-2.4.7.tar.gz", hash = "sha256:c203ec8783bf771a155b207279b9bccb8dea02d8f0c9e5f8ead507bc3246ecc1"},
]
regex = [
    {file = "regex-2021.10.21-cp310-cp310-macosx_10_9_x86_64.whl", hash = "sha256:edff4e31d159672a7b9d70164b21289e4b53b239ce1dc945bf9643d266537573"},
    {file = "regex-2021.10.21-cp310-cp310-manylinux_2_17_x86_64.manylinux2014_x86_64.whl", hash = "sha256:d6432daf42f2c487b357e1aa0bdc43193f050ff53a3188bfab20b88202b53027"},
    {file = "regex-2021.10.21-cp310-cp310-manylinux_2_5_i686.manylinux1_i686.manylinux_2_12_i686.manylinux2010_i686.whl", hash = "sha256:468de52dd3f20187ab5ca4fd265c1bea61a5346baef01ad0333a5e89fa9fad29"},
    {file = "regex-2021.10.21-cp310-cp310-manylinux_2_5_i686.manylinux1_i686.manylinux_2_17_i686.manylinux2014_i686.whl", hash = "sha256:c5a2ac760f2fc13a1c58131ec217779911890899ce1a0a63c9409bd23fecde6f"},
    {file = "regex-2021.10.21-cp310-cp310-manylinux_2_5_x86_64.manylinux1_x86_64.manylinux_2_12_x86_64.manylinux2010_x86_64.whl", hash = "sha256:ad1fedca001fefc3030d1e9022b038af429e58dc06a7e9c55e40bd1f834582ec"},
    {file = "regex-2021.10.21-cp310-cp310-win32.whl", hash = "sha256:9c613d797a3790f6b12e78a61e1cd29df7fc88135218467cf8b0891353292b9c"},
    {file = "regex-2021.10.21-cp310-cp310-win_amd64.whl", hash = "sha256:678d9a4ce79e1eaa4ebe88bc9769df52919eb30c597576a0deba1f3cf2360e65"},
    {file = "regex-2021.10.21-cp36-cp36m-macosx_10_9_x86_64.whl", hash = "sha256:2044174af237bb9c56ecc07294cf38623ee379e8dca14b01e970f8b015c71917"},
    {file = "regex-2021.10.21-cp36-cp36m-manylinux_2_17_x86_64.manylinux2014_x86_64.whl", hash = "sha256:98743a2d827a135bf3390452be18d95839b947a099734d53c17e09a64fc09480"},
    {file = "regex-2021.10.21-cp36-cp36m-manylinux_2_5_i686.manylinux1_i686.manylinux_2_12_i686.manylinux2010_i686.whl", hash = "sha256:f1b23304855303bd97b5954edab63b8ddd56c91c41c6d4eba408228c0bae95f3"},
    {file = "regex-2021.10.21-cp36-cp36m-manylinux_2_5_i686.manylinux1_i686.manylinux_2_17_i686.manylinux2014_i686.whl", hash = "sha256:19c4fd59747236423016ccd89b9a6485d958bf1aa7a8a902a6ba28029107a87f"},
    {file = "regex-2021.10.21-cp36-cp36m-manylinux_2_5_x86_64.manylinux1_x86_64.manylinux_2_12_x86_64.manylinux2010_x86_64.whl", hash = "sha256:130a002fa386c976615a2f6d6dff0fcc25da24858994a36b14d2e3129dce7de2"},
    {file = "regex-2021.10.21-cp36-cp36m-win32.whl", hash = "sha256:8bd83d9b8ee125350cd666b55294f4bc9993c4f0d9b1be9344a318d0762e94cc"},
    {file = "regex-2021.10.21-cp36-cp36m-win_amd64.whl", hash = "sha256:98fe0e1b07a314f0a86dc58af4e717c379d48a403eddd8d966ab9b8bf91ce164"},
    {file = "regex-2021.10.21-cp37-cp37m-macosx_10_9_x86_64.whl", hash = "sha256:ded4748c7be6f31fb207387ee83a3a0f625e700defe32f268cb1d350ed6e4a66"},
    {file = "regex-2021.10.21-cp37-cp37m-manylinux_2_17_x86_64.manylinux2014_x86_64.whl", hash = "sha256:f3da121de36a9ead0f32b44ea720ee8c87edbb59dca6bb980d18377d84ad58a3"},
    {file = "regex-2021.10.21-cp37-cp37m-manylinux_2_5_i686.manylinux1_i686.manylinux_2_12_i686.manylinux2010_i686.whl", hash = "sha256:b9dfba513eae785e3d868803f5a7e21a032cb2b038fa4a1ea7ec691037426ad3"},
    {file = "regex-2021.10.21-cp37-cp37m-manylinux_2_5_i686.manylinux1_i686.manylinux_2_17_i686.manylinux2014_i686.whl", hash = "sha256:2ff91696888755e96230138355cbe8ce2965d930d967d6cff7c636082d038c78"},
    {file = "regex-2021.10.21-cp37-cp37m-manylinux_2_5_x86_64.manylinux1_x86_64.manylinux_2_12_x86_64.manylinux2010_x86_64.whl", hash = "sha256:0f82de529d7595011a40573cc0f27422e59cafa94943b64a4d17d966d75f2c01"},
    {file = "regex-2021.10.21-cp37-cp37m-win32.whl", hash = "sha256:164e51ace4d00f07c519f85ec2209e8faaeab18bc77be6b35685c18d4ac1c22a"},
    {file = "regex-2021.10.21-cp37-cp37m-win_amd64.whl", hash = "sha256:e39eafa854e469d7225066c806c76b9a0acba5ff5ce36c82c0224b75e24888f2"},
    {file = "regex-2021.10.21-cp38-cp38-macosx_10_9_x86_64.whl", hash = "sha256:740a28580520b099b804776db1e919360fcbf30a734a14c5985d5e39a39e7237"},
    {file = "regex-2021.10.21-cp38-cp38-manylinux_2_17_x86_64.manylinux2014_x86_64.whl", hash = "sha256:de7dbf72ae80f06e79444ff9614fb5e3a7956645d513b0e12d1bbe6f3ccebd11"},
    {file = "regex-2021.10.21-cp38-cp38-manylinux_2_5_i686.manylinux1_i686.manylinux_2_12_i686.manylinux2010_i686.whl", hash = "sha256:dc1a9bedf389bf3d3627a4d2b21cbdc5fe5e0f029d1f465972f4437833dcc946"},
    {file = "regex-2021.10.21-cp38-cp38-manylinux_2_5_i686.manylinux1_i686.manylinux_2_17_i686.manylinux2014_i686.whl", hash = "sha256:9cd14f22425beecf727f6dbdf5c893e46ecbc5ff16197c16a6f38a9066f2d4d5"},
    {file = "regex-2021.10.21-cp38-cp38-manylinux_2_5_x86_64.manylinux1_x86_64.manylinux_2_12_x86_64.manylinux2010_x86_64.whl", hash = "sha256:5b75a3db3aab0bfa51b6af3f820760779d360eb79f59e32c88c7fba648990b4f"},
    {file = "regex-2021.10.21-cp38-cp38-win32.whl", hash = "sha256:f68c71aabb10b1352a06515e25a425a703ba85660ae04cf074da5eb91c0af5e5"},
    {file = "regex-2021.10.21-cp38-cp38-win_amd64.whl", hash = "sha256:c0f49f1f03be3e4a5faaadc35db7afa2b83a871943b889f9f7bba56e0e2e8bd5"},
    {file = "regex-2021.10.21-cp39-cp39-macosx_10_9_x86_64.whl", hash = "sha256:201890fdc8a65396cfb6aa4493201353b2a6378e27d2de65234446f8329233cb"},
    {file = "regex-2021.10.21-cp39-cp39-manylinux_2_17_x86_64.manylinux2014_x86_64.whl", hash = "sha256:fd1bfc6b7347de9f0ae1fb6f9080426bed6a9ca55b5766fa4fdf7b3a29ccae9c"},
    {file = "regex-2021.10.21-cp39-cp39-manylinux_2_5_i686.manylinux1_i686.manylinux_2_12_i686.manylinux2010_i686.whl", hash = "sha256:72a0b98d41c4508ed23a96eef41090f78630b44ba746e28cd621ecbe961e0a16"},
    {file = "regex-2021.10.21-cp39-cp39-manylinux_2_5_i686.manylinux1_i686.manylinux_2_17_i686.manylinux2014_i686.whl", hash = "sha256:3b5a0660a63b0703380758a7141b96cc1c1a13dee2b8e9c280a2522962fd12af"},
    {file = "regex-2021.10.21-cp39-cp39-manylinux_2_5_x86_64.manylinux1_x86_64.manylinux_2_12_x86_64.manylinux2010_x86_64.whl", hash = "sha256:f82d3adde46ac9188db3aa7e6e1690865ebb6448d245df5a3ea22284f70d9e46"},
    {file = "regex-2021.10.21-cp39-cp39-win32.whl", hash = "sha256:bc4637390235f1e3e2fcdd3e904ca0b42aa655ae28a78072248b2992b4ad4c08"},
    {file = "regex-2021.10.21-cp39-cp39-win_amd64.whl", hash = "sha256:74d03c256cf0aed81997e87be8e24297b5792c9718f3a735f5055ddfad392f06"},
    {file = "regex-2021.10.21.tar.gz", hash = "sha256:4832736b3f24617e63dc919ce8c4215680ba94250a5d9e710fcc0c5f457b5028"},
]
requests = [
    {file = "requests-2.26.0-py2.py3-none-any.whl", hash = "sha256:6c1246513ecd5ecd4528a0906f910e8f0f9c6b8ec72030dc9fd154dc1a6efd24"},
    {file = "requests-2.26.0.tar.gz", hash = "sha256:b8aa58f8cf793ffd8782d3d8cb19e66ef36f7aba4353eec859e74678b01b07a7"},
]
rsa = [
    {file = "rsa-4.7.2-py3-none-any.whl", hash = "sha256:78f9a9bf4e7be0c5ded4583326e7461e3a3c5aae24073648b4bdfa797d78c9d2"},
    {file = "rsa-4.7.2.tar.gz", hash = "sha256:9d689e6ca1b3038bc82bf8d23e944b6b6037bc02301a574935b2dd946e0353b9"},
]
six = [
    {file = "six-1.16.0-py2.py3-none-any.whl", hash = "sha256:8abb2f1d86890a2dfb989f9a77cfcfd3e47c2a354b01111771326f8aa26e0254"},
    {file = "six-1.16.0.tar.gz", hash = "sha256:1e61c37477a1626458e36f7b1d82aa5c9b094fa4802892072e49de9c60c4c926"},
]
tomli = [
    {file = "tomli-1.2.1-py3-none-any.whl", hash = "sha256:8dd0e9524d6f386271a36b41dbf6c57d8e32fd96fd22b6584679dc569d20899f"},
    {file = "tomli-1.2.1.tar.gz", hash = "sha256:a5b75cb6f3968abb47af1b40c1819dc519ea82bcc065776a866e8d74c5ca9442"},
]
typing-extensions = [
    {file = "typing_extensions-3.10.0.2-py2-none-any.whl", hash = "sha256:d8226d10bc02a29bcc81df19a26e56a9647f8b0a6d4a83924139f4a8b01f17b7"},
    {file = "typing_extensions-3.10.0.2-py3-none-any.whl", hash = "sha256:f1d25edafde516b146ecd0613dabcc61409817af4766fbbcfb8d1ad4ec441a34"},
    {file = "typing_extensions-3.10.0.2.tar.gz", hash = "sha256:49f75d16ff11f1cd258e1b988ccff82a3ca5570217d7ad8c5f48205dd99a677e"},
]
uritemplate = [
    {file = "uritemplate-4.1.1-py2.py3-none-any.whl", hash = "sha256:830c08b8d99bdd312ea4ead05994a38e8936266f84b9a7878232db50b044e02e"},
    {file = "uritemplate-4.1.1.tar.gz", hash = "sha256:4346edfc5c3b79f694bccd6d6099a322bbeb628dbf2cd86eea55a456ce5124f0"},
]
urllib3 = [
    {file = "urllib3-1.26.7-py2.py3-none-any.whl", hash = "sha256:c4fdf4019605b6e5423637e01bc9fe4daef873709a7973e195ceba0a62bbc844"},
    {file = "urllib3-1.26.7.tar.gz", hash = "sha256:4987c65554f7a2dbf30c18fd48778ef124af6fab771a377103da0585e2336ece"},
]
